
Microsoft Visual Studio Solution File, Format Version 12.00
# Visual Studio Version 17
VisualStudioVersion = 17.6.33829.357
MinimumVisualStudioVersion = 10.0.40219.1
Project("{9A19103F-16F7-4668-BE54-9A1E7A4F7556}") = "LoveOfCooking", "LoveOfCooking\LoveOfCooking.csproj", "{7679F730-367A-41D8-A956-A67B1EC3A2C7}"
EndProject
Project("{2150E333-8FDC-42A3-9474-1A3956D46DE8}") = "Solution Items", "Solution Items", "{61AA304D-5227-47A0-B368-721F8FA24984}"
	ProjectSection(SolutionItems) = preProject
		.editorconfig = .editorconfig
	EndProjectSection
EndProject
Project("{FAE04EC0-301F-11D3-BF4B-00C04F79EFBC}") = "LoveOfCooking [CP]", "LoveOfCooking [CP]\LoveOfCooking [CP].csproj", "{F280E19B-3D52-46D0-8100-A74A250CD3D3}"
EndProject
Global
	GlobalSection(SolutionConfigurationPlatforms) = preSolution
		Debug|Any CPU = Debug|Any CPU
		Release|Any CPU = Release|Any CPU
	EndGlobalSection
	GlobalSection(ProjectConfigurationPlatforms) = postSolution
		{7679F730-367A-41D8-A956-A67B1EC3A2C7}.Debug|Any CPU.ActiveCfg = Debug|Any CPU
		{7679F730-367A-41D8-A956-A67B1EC3A2C7}.Debug|Any CPU.Build.0 = Debug|Any CPU
		{7679F730-367A-41D8-A956-A67B1EC3A2C7}.Release|Any CPU.ActiveCfg = Release|Any CPU
		{7679F730-367A-41D8-A956-A67B1EC3A2C7}.Release|Any CPU.Build.0 = Release|Any CPU
		{F280E19B-3D52-46D0-8100-A74A250CD3D3}.Debug|Any CPU.ActiveCfg = Debug|Any CPU
		{F280E19B-3D52-46D0-8100-A74A250CD3D3}.Debug|Any CPU.Build.0 = Debug|Any CPU
		{F280E19B-3D52-46D0-8100-A74A250CD3D3}.Release|Any CPU.ActiveCfg = Release|Any CPU
		{F280E19B-3D52-46D0-8100-A74A250CD3D3}.Release|Any CPU.Build.0 = Release|Any CPU
	EndGlobalSection
	GlobalSection(SolutionProperties) = preSolution
		HideSolutionNode = FALSE
	EndGlobalSection
	GlobalSection(ExtensibilityGlobals) = postSolution
		SolutionGuid = {32B15F8C-A859-4AAC-98DC-9616FF8FEFE8}
	EndGlobalSection
EndGlobal
